// !$*UTF8*$!
{
	archiveVersion = 1;
	classes = {
	};
	objectVersion = 56;
	objects = {

/* Begin PBXBuildFile section */
		2C4B0B712C52404700FD4303 /* main.cpp in Sources */ = {isa = PBXBuildFile; fileRef = 2C4B0B702C52404700FD4303 /* main.cpp */; };
		2C4B0B7A2C52480E00FD4303 /* libvulkan.1.3.290.dylib in Frameworks */ = {isa = PBXBuildFile; fileRef = 2C4B0B782C52480E00FD4303 /* libvulkan.1.3.290.dylib */; };
		2C4B0B7B2C52480E00FD4303 /* libvulkan.1.dylib in Frameworks */ = {isa = PBXBuildFile; fileRef = 2C4B0B792C52480E00FD4303 /* libvulkan.1.dylib */; };
		2C4B0B7D2C524A7800FD4303 /* libglfw.3.4.dylib in Frameworks */ = {isa = PBXBuildFile; fileRef = 2C4B0B7C2C524A7800FD4303 /* libglfw.3.4.dylib */; };
		2C4B0B7E2C524B3500FD4303 /* libglfw.3.4.dylib in CopyFiles */ = {isa = PBXBuildFile; fileRef = 2C4B0B7C2C524A7800FD4303 /* libglfw.3.4.dylib */; settings = {ATTRIBUTES = (CodeSignOnCopy, ); }; };
		2C4B0B7F2C524B3500FD4303 /* libvulkan.1.3.290.dylib in CopyFiles */ = {isa = PBXBuildFile; fileRef = 2C4B0B782C52480E00FD4303 /* libvulkan.1.3.290.dylib */; settings = {ATTRIBUTES = (CodeSignOnCopy, ); }; };
		2C4B0B802C524B3500FD4303 /* libvulkan.1.dylib in CopyFiles */ = {isa = PBXBuildFile; fileRef = 2C4B0B792C52480E00FD4303 /* libvulkan.1.dylib */; settings = {ATTRIBUTES = (CodeSignOnCopy, ); }; };
		2C4B0B832C525B2D00FD4303 /* lve_window.cpp in Sources */ = {isa = PBXBuildFile; fileRef = 2C4B0B822C525B2D00FD4303 /* lve_window.cpp */; };
		2C4B0B862C525CEF00FD4303 /* first_app.cpp in Sources */ = {isa = PBXBuildFile; fileRef = 2C4B0B842C525CEF00FD4303 /* first_app.cpp */; };
/* End PBXBuildFile section */

/* Begin PBXCopyFilesBuildPhase section */
		2C4B0B6B2C52404600FD4303 /* CopyFiles */ = {
			isa = PBXCopyFilesBuildPhase;
			buildActionMask = 12;
			dstPath = "";
			dstSubfolderSpec = 10;
			files = (
				2C4B0B7E2C524B3500FD4303 /* libglfw.3.4.dylib in CopyFiles */,
				2C4B0B7F2C524B3500FD4303 /* libvulkan.1.3.290.dylib in CopyFiles */,
				2C4B0B802C524B3500FD4303 /* libvulkan.1.dylib in CopyFiles */,
			);
			runOnlyForDeploymentPostprocessing = 0;
		};
/* End PBXCopyFilesBuildPhase section */

/* Begin PBXFileReference section */
		2C4B0B6D2C52404600FD4303 /* VulkanTesting */ = {isa = PBXFileReference; explicitFileType = "compiled.mach-o.executable"; includeInIndex = 0; path = VulkanTesting; sourceTree = BUILT_PRODUCTS_DIR; };
		2C4B0B702C52404700FD4303 /* main.cpp */ = {isa = PBXFileReference; lastKnownFileType = sourcecode.cpp.cpp; path = main.cpp; sourceTree = "<group>"; };
		2C4B0B782C52480E00FD4303 /* libvulkan.1.3.290.dylib */ = {isa = PBXFileReference; lastKnownFileType = "compiled.mach-o.dylib"; name = libvulkan.1.3.290.dylib; path = ../../../../../VulkanSDK/1.3.290.0/macOS/lib/libvulkan.1.3.290.dylib; sourceTree = "<group>"; };
		2C4B0B792C52480E00FD4303 /* libvulkan.1.dylib */ = {isa = PBXFileReference; lastKnownFileType = "compiled.mach-o.dylib"; name = libvulkan.1.dylib; path = ../../../../../VulkanSDK/1.3.290.0/macOS/lib/libvulkan.1.dylib; sourceTree = "<group>"; };
		2C4B0B7C2C524A7800FD4303 /* libglfw.3.4.dylib */ = {isa = PBXFileReference; lastKnownFileType = "compiled.mach-o.dylib"; name = libglfw.3.4.dylib; path = ../../../../../../../opt/homebrew/Cellar/glfw/3.4/lib/libglfw.3.4.dylib; sourceTree = "<group>"; };
		2C4B0B822C525B2D00FD4303 /* lve_window.cpp */ = {isa = PBXFileReference; lastKnownFileType = sourcecode.cpp.cpp; path = lve_window.cpp; sourceTree = "<group>"; };
		2C4B0B842C525CEF00FD4303 /* first_app.cpp */ = {isa = PBXFileReference; lastKnownFileType = sourcecode.cpp.cpp; path = first_app.cpp; sourceTree = "<group>"; };
		2C4B0B852C525CEF00FD4303 /* first_app.hpp */ = {isa = PBXFileReference; lastKnownFileType = sourcecode.cpp.h; path = first_app.hpp; sourceTree = "<group>"; };
		2C4B0B872C525F1400FD4303 /* lve_window.hpp */ = {isa = PBXFileReference; fileEncoding = 4; lastKnownFileType = sourcecode.cpp.h; path = lve_window.hpp; sourceTree = "<group>"; };
/* End PBXFileReference section */

/* Begin PBXFrameworksBuildPhase section */
		2C4B0B6A2C52404600FD4303 /* Frameworks */ = {
			isa = PBXFrameworksBuildPhase;
			buildActionMask = 2147483647;
			files = (
				2C4B0B7D2C524A7800FD4303 /* libglfw.3.4.dylib in Frameworks */,
				2C4B0B7A2C52480E00FD4303 /* libvulkan.1.3.290.dylib in Frameworks */,
				2C4B0B7B2C52480E00FD4303 /* libvulkan.1.dylib in Frameworks */,
			);
			runOnlyForDeploymentPostprocessing = 0;
		};
/* End PBXFrameworksBuildPhase section */

/* Begin PBXGroup section */
		2C4B0B642C52404600FD4303 = {
			isa = PBXGroup;
			children = (
				2C4B0B6F2C52404600FD4303 /* VulkanTesting */,
				2C4B0B6E2C52404600FD4303 /* Products */,
				2C4B0B772C52420E00FD4303 /* Frameworks */,
			);
			sourceTree = "<group>";
		};
		2C4B0B6E2C52404600FD4303 /* Products */ = {
			isa = PBXGroup;
			children = (
				2C4B0B6D2C52404600FD4303 /* VulkanTesting */,
			);
			name = Products;
			sourceTree = "<group>";
		};
		2C4B0B6F2C52404600FD4303 /* VulkanTesting */ = {
			isa = PBXGroup;
			children = (
				2C4B0B872C525F1400FD4303 /* lve_window.hpp */,
				2C4B0B842C525CEF00FD4303 /* first_app.cpp */,
				2C4B0B822C525B2D00FD4303 /* lve_window.cpp */,
				2C4B0B702C52404700FD4303 /* main.cpp */,
				2C4B0B852C525CEF00FD4303 /* first_app.hpp */,
			);
			path = VulkanTesting;
			sourceTree = "<group>";
		};
		2C4B0B772C52420E00FD4303 /* Frameworks */ = {
			isa = PBXGroup;
			children = (
				2C4B0B7C2C524A7800FD4303 /* libglfw.3.4.dylib */,
				2C4B0B782C52480E00FD4303 /* libvulkan.1.3.290.dylib */,
				2C4B0B792C52480E00FD4303 /* libvulkan.1.dylib */,
			);
			name = Frameworks;
			sourceTree = "<group>";
		};
/* End PBXGroup section */

/* Begin PBXNativeTarget section */
		2C4B0B6C2C52404600FD4303 /* VulkanTesting */ = {
			isa = PBXNativeTarget;
			buildConfigurationList = 2C4B0B742C52404700FD4303 /* Build configuration list for PBXNativeTarget "VulkanTesting" */;
			buildPhases = (
				2C4B0B692C52404600FD4303 /* Sources */,
				2C4B0B6A2C52404600FD4303 /* Frameworks */,
				2C4B0B6B2C52404600FD4303 /* CopyFiles */,
			);
			buildRules = (
			);
			dependencies = (
			);
			name = VulkanTesting;
			productName = VulkanTesting;
			productReference = 2C4B0B6D2C52404600FD4303 /* VulkanTesting */;
			productType = "com.apple.product-type.tool";
		};
/* End PBXNativeTarget section */

/* Begin PBXProject section */
		2C4B0B652C52404600FD4303 /* Project object */ = {
			isa = PBXProject;
			attributes = {
				BuildIndependentTargetsInParallel = 1;
				LastUpgradeCheck = 1540;
				TargetAttributes = {
					2C4B0B6C2C52404600FD4303 = {
						CreatedOnToolsVersion = 15.4;
					};
				};
			};
			buildConfigurationList = 2C4B0B682C52404600FD4303 /* Build configuration list for PBXProject "VulkanTesting" */;
			compatibilityVersion = "Xcode 14.0";
			developmentRegion = en;
			hasScannedForEncodings = 0;
			knownRegions = (
				en,
				Base,
			);
			mainGroup = 2C4B0B642C52404600FD4303;
			productRefGroup = 2C4B0B6E2C52404600FD4303 /* Products */;
			projectDirPath = "";
			projectRoot = "";
			targets = (
				2C4B0B6C2C52404600FD4303 /* VulkanTesting */,
			);
		};
/* End PBXProject section */

/* Begin PBXSourcesBuildPhase section */
		2C4B0B692C52404600FD4303 /* Sources */ = {
			isa = PBXSourcesBuildPhase;
			buildActionMask = 2147483647;
			files = (
				2C4B0B862C525CEF00FD4303 /* first_app.cpp in Sources */,
				2C4B0B712C52404700FD4303 /* main.cpp in Sources */,
				2C4B0B832C525B2D00FD4303 /* lve_window.cpp in Sources */,
			);
			runOnlyForDeploymentPostprocessing = 0;
		};
/* End PBXSourcesBuildPhase section */

/* Begin XCBuildConfiguration section */
		2C4B0B722C52404700FD4303 /* Debug */ = {
			isa = XCBuildConfiguration;
			buildSettings = {
				ALWAYS_SEARCH_USER_PATHS = NO;
				ASSETCATALOG_COMPILER_GENERATE_SWIFT_ASSET_SYMBOL_EXTENSIONS = YES;
				CLANG_ANALYZER_NONNULL = YES;
				CLANG_ANALYZER_NUMBER_OBJECT_CONVERSION = YES_AGGRESSIVE;
				CLANG_CXX_LANGUAGE_STANDARD = "gnu++20";
				CLANG_ENABLE_MODULES = YES;
				CLANG_ENABLE_OBJC_ARC = YES;
				CLANG_ENABLE_OBJC_WEAK = YES;
				CLANG_WARN_BLOCK_CAPTURE_AUTORELEASING = YES;
				CLANG_WARN_BOOL_CONVERSION = YES;
				CLANG_WARN_COMMA = YES;
				CLANG_WARN_CONSTANT_CONVERSION = YES;
				CLANG_WARN_DEPRECATED_OBJC_IMPLEMENTATIONS = YES;
				CLANG_WARN_DIRECT_OBJC_ISA_USAGE = YES_ERROR;
				CLANG_WARN_DOCUMENTATION_COMMENTS = YES;
				CLANG_WARN_EMPTY_BODY = YES;
				CLANG_WARN_ENUM_CONVERSION = YES;
				CLANG_WARN_INFINITE_RECURSION = YES;
				CLANG_WARN_INT_CONVERSION = YES;
				CLANG_WARN_NON_LITERAL_NULL_CONVERSION = YES;
				CLANG_WARN_OBJC_IMPLICIT_RETAIN_SELF = YES;
				CLANG_WARN_OBJC_LITERAL_CONVERSION = YES;
				CLANG_WARN_OBJC_ROOT_CLASS = YES_ERROR;
				CLANG_WARN_QUOTED_INCLUDE_IN_FRAMEWORK_HEADER = YES;
				CLANG_WARN_RANGE_LOOP_ANALYSIS = YES;
				CLANG_WARN_STRICT_PROTOTYPES = YES;
				CLANG_WARN_SUSPICIOUS_MOVE = YES;
				CLANG_WARN_UNGUARDED_AVAILABILITY = YES_AGGRESSIVE;
				CLANG_WARN_UNREACHABLE_CODE = YES;
				CLANG_WARN__DUPLICATE_METHOD_MATCH = YES;
				COPY_PHASE_STRIP = NO;
				DEBUG_INFORMATION_FORMAT = dwarf;
				ENABLE_STRICT_OBJC_MSGSEND = YES;
				ENABLE_TESTABILITY = YES;
				ENABLE_USER_SCRIPT_SANDBOXING = YES;
				GCC_C_LANGUAGE_STANDARD = gnu17;
				GCC_DYNAMIC_NO_PIC = NO;
				GCC_NO_COMMON_BLOCKS = YES;
				GCC_OPTIMIZATION_LEVEL = 0;
				GCC_PREPROCESSOR_DEFINITIONS = (
					"DEBUG=1",
					"$(inherited)",
				);
				GCC_WARN_64_TO_32_BIT_CONVERSION = YES;
				GCC_WARN_ABOUT_RETURN_TYPE = YES_ERROR;
				GCC_WARN_UNDECLARED_SELECTOR = YES;
				GCC_WARN_UNINITIALIZED_AUTOS = YES_AGGRESSIVE;
				GCC_WARN_UNUSED_FUNCTION = YES;
				GCC_WARN_UNUSED_VARIABLE = YES;
				LOCALIZATION_PREFERS_STRING_CATALOGS = YES;
				MACOSX_DEPLOYMENT_TARGET = 14.5;
				MTL_ENABLE_DEBUG_INFO = INCLUDE_SOURCE;
				MTL_FAST_MATH = YES;
				ONLY_ACTIVE_ARCH = YES;
				SDKROOT = macosx;
			};
			name = Debug;
		};
		2C4B0B732C52404700FD4303 /* Release */ = {
			isa = XCBuildConfiguration;
			buildSettings = {
				ALWAYS_SEARCH_USER_PATHS = NO;
				ASSETCATALOG_COMPILER_GENERATE_SWIFT_ASSET_SYMBOL_EXTENSIONS = YES;
				CLANG_ANALYZER_NONNULL = YES;
				CLANG_ANALYZER_NUMBER_OBJECT_CONVERSION = YES_AGGRESSIVE;
				CLANG_CXX_LANGUAGE_STANDARD = "gnu++20";
				CLANG_ENABLE_MODULES = YES;
				CLANG_ENABLE_OBJC_ARC = YES;
				CLANG_ENABLE_OBJC_WEAK = YES;
				CLANG_WARN_BLOCK_CAPTURE_AUTORELEASING = YES;
				CLANG_WARN_BOOL_CONVERSION = YES;
				CLANG_WARN_COMMA = YES;
				CLANG_WARN_CONSTANT_CONVERSION = YES;
				CLANG_WARN_DEPRECATED_OBJC_IMPLEMENTATIONS = YES;
				CLANG_WARN_DIRECT_OBJC_ISA_USAGE = YES_ERROR;
				CLANG_WARN_DOCUMENTATION_COMMENTS = YES;
				CLANG_WARN_EMPTY_BODY = YES;
				CLANG_WARN_ENUM_CONVERSION = YES;
				CLANG_WARN_INFINITE_RECURSION = YES;
				CLANG_WARN_INT_CONVERSION = YES;
				CLANG_WARN_NON_LITERAL_NULL_CONVERSION = YES;
				CLANG_WARN_OBJC_IMPLICIT_RETAIN_SELF = YES;
				CLANG_WARN_OBJC_LITERAL_CONVERSION = YES;
				CLANG_WARN_OBJC_ROOT_CLASS = YES_ERROR;
				CLANG_WARN_QUOTED_INCLUDE_IN_FRAMEWORK_HEADER = YES;
				CLANG_WARN_RANGE_LOOP_ANALYSIS = YES;
				CLANG_WARN_STRICT_PROTOTYPES = YES;
				CLANG_WARN_SUSPICIOUS_MOVE = YES;
				CLANG_WARN_UNGUARDED_AVAILABILITY = YES_AGGRESSIVE;
				CLANG_WARN_UNREACHABLE_CODE = YES;
				CLANG_WARN__DUPLICATE_METHOD_MATCH = YES;
				COPY_PHASE_STRIP = NO;
				DEBUG_INFORMATION_FORMAT = "dwarf-with-dsym";
				ENABLE_NS_ASSERTIONS = NO;
				ENABLE_STRICT_OBJC_MSGSEND = YES;
				ENABLE_USER_SCRIPT_SANDBOXING = YES;
				GCC_C_LANGUAGE_STANDARD = gnu17;
				GCC_NO_COMMON_BLOCKS = YES;
				GCC_WARN_64_TO_32_BIT_CONVERSION = YES;
				GCC_WARN_ABOUT_RETURN_TYPE = YES_ERROR;
				GCC_WARN_UNDECLARED_SELECTOR = YES;
				GCC_WARN_UNINITIALIZED_AUTOS = YES_AGGRESSIVE;
				GCC_WARN_UNUSED_FUNCTION = YES;
				GCC_WARN_UNUSED_VARIABLE = YES;
				LOCALIZATION_PREFERS_STRING_CATALOGS = YES;
				MACOSX_DEPLOYMENT_TARGET = 14.5;
				MTL_ENABLE_DEBUG_INFO = NO;
				MTL_FAST_MATH = YES;
				SDKROOT = macosx;
			};
			name = Release;
		};
		2C4B0B752C52404700FD4303 /* Debug */ = {
			isa = XCBuildConfiguration;
			buildSettings = {
				CODE_SIGN_STYLE = Automatic;
				HEADER_SEARCH_PATHS = (
					/Users/jaredhenderson/VulkanSDK/1.3.290.0/macOS/include,
					/opt/homebrew/Cellar/glm/1.0.1/include,
					/opt/homebrew/Cellar/glfw/3.4/include,
				);
				LIBRARY_SEARCH_PATHS = (
					/Users/jaredhenderson/VulkanSDK/1.3.290.0/macOS/lib,
					/usr/local/lib,
					/opt/homebrew/Cellar/glfw/3.4/lib,
				);
				PRODUCT_NAME = "$(TARGET_NAME)";
			};
			name = Debug;
		};
		2C4B0B762C52404700FD4303 /* Release */ = {
			isa = XCBuildConfiguration;
			buildSettings = {
				CODE_SIGN_STYLE = Automatic;
				HEADER_SEARCH_PATHS = (
					/Users/jaredhenderson/VulkanSDK/1.3.290.0/macOS/include,
					/opt/homebrew/Cellar/glm/1.0.1/include,
					/opt/homebrew/Cellar/glfw/3.4/include,
				);
				LIBRARY_SEARCH_PATHS = (
					/Users/jaredhenderson/VulkanSDK/1.3.290.0/macOS/lib,
					/usr/local/lib,
					/opt/homebrew/Cellar/glfw/3.4/lib,
				);
				PRODUCT_NAME = "$(TARGET_NAME)";
			};
			name = Release;
		};
/* End XCBuildConfiguration section */

/* Begin XCConfigurationList section */
		2C4B0B682C52404600FD4303 /* Build configuration list for PBXProject "VulkanTesting" */ = {
			isa = XCConfigurationList;
			buildConfigurations = (
				2C4B0B722C52404700FD4303 /* Debug */,
				2C4B0B732C52404700FD4303 /* Release */,
			);
			defaultConfigurationIsVisible = 0;
			defaultConfigurationName = Release;
		};
		2C4B0B742C52404700FD4303 /* Build configuration list for PBXNativeTarget "VulkanTesting" */ = {
			isa = XCConfigurationList;
			buildConfigurations = (
				2C4B0B752C52404700FD4303 /* Debug */,
				2C4B0B762C52404700FD4303 /* Release */,
			);
			defaultConfigurationIsVisible = 0;
			defaultConfigurationName = Release;
		};
/* End XCConfigurationList section */
	};
	rootObject = 2C4B0B652C52404600FD4303 /* Project object */;
}
